
Microsoft Visual Studio Solution File, Format Version 12.00
# Visual Studio 2013
VisualStudioVersion = 12.0.21005.1
MinimumVisualStudioVersion = 10.0.40219.1
Project("{FAE04EC0-301F-11D3-BF4B-00C04F79EFBC}") = "TSGS_CS_WCF_Service", "TSGS_CS_WCF_Service\TSGS_CS_WCF_Service.csproj", "{AA2DAB2E-0DC6-42CC-A447-F24F3D5EE083}"
EndProject
Project("{FAE04EC0-301F-11D3-BF4B-00C04F79EFBC}") = "WCF_Host", "WCF_Host\WCF_Host.csproj", "{5BE543C8-6E8D-4CE5-AB73-DF31381902BB}"
EndProject
Global
	GlobalSection(SolutionConfigurationPlatforms) = preSolution
		Debug|Any CPU = Debug|Any CPU
		Release|Any CPU = Release|Any CPU
	EndGlobalSection
	GlobalSection(ProjectConfigurationPlatforms) = postSolution
		{AA2DAB2E-0DC6-42CC-A447-F24F3D5EE083}.Debug|Any CPU.ActiveCfg = Debug|Any CPU
		{AA2DAB2E-0DC6-42CC-A447-F24F3D5EE083}.Debug|Any CPU.Build.0 = Debug|Any CPU
		{AA2DAB2E-0DC6-42CC-A447-F24F3D5EE083}.Release|Any CPU.ActiveCfg = Release|Any CPU
		{AA2DAB2E-0DC6-42CC-A447-F24F3D5EE083}.Release|Any CPU.Build.0 = Release|Any CPU
		{5BE543C8-6E8D-4CE5-AB73-DF31381902BB}.Debug|Any CPU.ActiveCfg = Debug|Any CPU
		{5BE543C8-6E8D-4CE5-AB73-DF31381902BB}.Debug|Any CPU.Build.0 = Debug|Any CPU
		{5BE543C8-6E8D-4CE5-AB73-DF31381902BB}.Release|Any CPU.ActiveCfg = Release|Any CPU
		{5BE543C8-6E8D-4CE5-AB73-DF31381902BB}.Release|Any CPU.Build.0 = Release|Any CPU
	EndGlobalSection
	GlobalSection(SolutionProperties) = preSolution
		HideSolutionNode = FALSE
	EndGlobalSection
EndGlobal
